// !$*UTF8*$!
{
	archiveVersion = 1;
	classes = {
	};
	objectVersion = 46;
	objects = {

/* Begin PBXBuildFile section */
		B0B81EBF1DAB89C60027577E /* main.m in Sources */ = {isa = PBXBuildFile; fileRef = B0B81EBE1DAB89C60027577E /* main.m */; };
		B0B81EC21DAB89C60027577E /* AppDelegate.m in Sources */ = {isa = PBXBuildFile; fileRef = B0B81EC11DAB89C60027577E /* AppDelegate.m */; };
		B0B81EC51DAB89C60027577E /* ViewController.m in Sources */ = {isa = PBXBuildFile; fileRef = B0B81EC41DAB89C60027577E /* ViewController.m */; };
		B0B81EC81DAB89C60027577E /* Main.storyboard in Resources */ = {isa = PBXBuildFile; fileRef = B0B81EC61DAB89C60027577E /* Main.storyboard */; };
		B0B81ECB1DAB89C60027577E /* CZJKFuncList.xcdatamodeld in Sources */ = {isa = PBXBuildFile; fileRef = B0B81EC91DAB89C60027577E /* CZJKFuncList.xcdatamodeld */; };
		B0B81ECD1DAB89C60027577E /* Assets.xcassets in Resources */ = {isa = PBXBuildFile; fileRef = B0B81ECC1DAB89C60027577E /* Assets.xcassets */; };
		B0B81ED01DAB89C60027577E /* LaunchScreen.storyboard in Resources */ = {isa = PBXBuildFile; fileRef = B0B81ECE1DAB89C60027577E /* LaunchScreen.storyboard */; };
/* End PBXBuildFile section */

/* Begin PBXFileReference section */
		B0B81EBA1DAB89C60027577E /* CZJKFuncList.app */ = {isa = PBXFileReference; explicitFileType = wrapper.application; includeInIndex = 0; path = CZJKFuncList.app; sourceTree = BUILT_PRODUCTS_DIR; };
		B0B81EBE1DAB89C60027577E /* main.m */ = {isa = PBXFileReference; lastKnownFileType = sourcecode.c.objc; path = main.m; sourceTree = "<group>"; };
		B0B81EC01DAB89C60027577E /* AppDelegate.h */ = {isa = PBXFileReference; lastKnownFileType = sourcecode.c.h; path = AppDelegate.h; sourceTree = "<group>"; };
		B0B81EC11DAB89C60027577E /* AppDelegate.m */ = {isa = PBXFileReference; lastKnownFileType = sourcecode.c.objc; path = AppDelegate.m; sourceTree = "<group>"; };
		B0B81EC31DAB89C60027577E /* ViewController.h */ = {isa = PBXFileReference; lastKnownFileType = sourcecode.c.h; path = ViewController.h; sourceTree = "<group>"; };
		B0B81EC41DAB89C60027577E /* ViewController.m */ = {isa = PBXFileReference; lastKnownFileType = sourcecode.c.objc; path = ViewController.m; sourceTree = "<group>"; };
		B0B81EC71DAB89C60027577E /* Base */ = {isa = PBXFileReference; lastKnownFileType = file.storyboard; name = Base; path = Base.lproj/Main.storyboard; sourceTree = "<group>"; };
		B0B81ECA1DAB89C60027577E /* CZJKFuncList.xcdatamodel */ = {isa = PBXFileReference; lastKnownFileType = wrapper.xcdatamodel; path = CZJKFuncList.xcdatamodel; sourceTree = "<group>"; };
		B0B81ECC1DAB89C60027577E /* Assets.xcassets */ = {isa = PBXFileReference; lastKnownFileType = folder.assetcatalog; path = Assets.xcassets; sourceTree = "<group>"; };
		B0B81ECF1DAB89C60027577E /* Base */ = {isa = PBXFileReference; lastKnownFileType = file.storyboard; name = Base; path = Base.lproj/LaunchScreen.storyboard; sourceTree = "<group>"; };
		B0B81ED11DAB89C60027577E /* Info.plist */ = {isa = PBXFileReference; lastKnownFileType = text.plist.xml; path = Info.plist; sourceTree = "<group>"; };
/* End PBXFileReference section */

/* Begin PBXFrameworksBuildPhase section */
		B0B81EB71DAB89C60027577E /* Frameworks */ = {
			isa = PBXFrameworksBuildPhase;
			buildActionMask = 2147483647;
			files = (
			);
			runOnlyForDeploymentPostprocessing = 0;
		};
/* End PBXFrameworksBuildPhase section */

/* Begin PBXGroup section */
		B0B81EB11DAB89C60027577E = {
			isa = PBXGroup;
			children = (
				B0B81EBC1DAB89C60027577E /* CZJKFuncList */,
				B0B81EBB1DAB89C60027577E /* Products */,
			);
			sourceTree = "<group>";
		};
		B0B81EBB1DAB89C60027577E /* Products */ = {
			isa = PBXGroup;
			children = (
				B0B81EBA1DAB89C60027577E /* CZJKFuncList.app */,
			);
			name = Products;
			sourceTree = "<group>";
		};
		B0B81EBC1DAB89C60027577E /* CZJKFuncList */ = {
			isa = PBXGroup;
			children = (
				B0B81EC01DAB89C60027577E /* AppDelegate.h */,
				B0B81EC11DAB89C60027577E /* AppDelegate.m */,
				B0B81EC31DAB89C60027577E /* ViewController.h */,
				B0B81EC41DAB89C60027577E /* ViewController.m */,
				B0B81EC61DAB89C60027577E /* Main.storyboard */,
				B0B81ECC1DAB89C60027577E /* Assets.xcassets */,
				B0B81ECE1DAB89C60027577E /* LaunchScreen.storyboard */,
				B0B81ED11DAB89C60027577E /* Info.plist */,
				B0B81EC91DAB89C60027577E /* CZJKFuncList.xcdatamodeld */,
				B0B81EBD1DAB89C60027577E /* Supporting Files */,
			);
			path = CZJKFuncList;
			sourceTree = "<group>";
		};
		B0B81EBD1DAB89C60027577E /* Supporting Files */ = {
			isa = PBXGroup;
			children = (
				B0B81EBE1DAB89C60027577E /* main.m */,
			);
			name = "Supporting Files";
			sourceTree = "<group>";
		};
/* End PBXGroup section */

/* Begin PBXNativeTarget section */
		B0B81EB91DAB89C60027577E /* CZJKFuncList */ = {
			isa = PBXNativeTarget;
			buildConfigurationList = B0B81ED41DAB89C60027577E /* Build configuration list for PBXNativeTarget "CZJKFuncList" */;
			buildPhases = (
				B0B81EB61DAB89C60027577E /* Sources */,
				B0B81EB71DAB89C60027577E /* Frameworks */,
				B0B81EB81DAB89C60027577E /* Resources */,
			);
			buildRules = (
			);
			dependencies = (
			);
			name = CZJKFuncList;
			productName = CZJKFuncList;
			productReference = B0B81EBA1DAB89C60027577E /* CZJKFuncList.app */;
			productType = "com.apple.product-type.application";
		};
/* End PBXNativeTarget section */

/* Begin PBXProject section */
		B0B81EB21DAB89C60027577E /* Project object */ = {
			isa = PBXProject;
			attributes = {
				LastUpgradeCheck = 0730;
				ORGANIZATIONNAME = Keeprapid;
				TargetAttributes = {
					B0B81EB91DAB89C60027577E = {
						CreatedOnToolsVersion = 7.3.1;
					};
				};
			};
			buildConfigurationList = B0B81EB51DAB89C60027577E /* Build configuration list for PBXProject "CZJKFuncList" */;
			compatibilityVersion = "Xcode 3.2";
			developmentRegion = English;
			hasScannedForEncodings = 0;
			knownRegions = (
				en,
				Base,
			);
			mainGroup = B0B81EB11DAB89C60027577E;
			productRefGroup = B0B81EBB1DAB89C60027577E /* Products */;
			projectDirPath = "";
			projectRoot = "";
			targets = (
				B0B81EB91DAB89C60027577E /* CZJKFuncList */,
			);
		};
/* End PBXProject section */

/* Begin PBXResourcesBuildPhase section */
		B0B81EB81DAB89C60027577E /* Resources */ = {
			isa = PBXResourcesBuildPhase;
			buildActionMask = 2147483647;
			files = (
				B0B81ED01DAB89C60027577E /* LaunchScreen.storyboard in Resources */,
				B0B81ECD1DAB89C60027577E /* Assets.xcassets in Resources */,
				B0B81EC81DAB89C60027577E /* Main.storyboard in Resources */,
			);
			runOnlyForDeploymentPostprocessing = 0;
		};
/* End PBXResourcesBuildPhase section */

/* Begin PBXSourcesBuildPhase section */
		B0B81EB61DAB89C60027577E /* Sources */ = {
			isa = PBXSourcesBuildPhase;
			buildActionMask = 2147483647;
			files = (
				B0B81EC51DAB89C60027577E /* ViewController.m in Sources */,
				B0B81EC21DAB89C60027577E /* AppDelegate.m in Sources */,
				B0B81EBF1DAB89C60027577E /* main.m in Sources */,
				B0B81ECB1DAB89C60027577E /* CZJKFuncList.xcdatamodeld in Sources */,
			);
			runOnlyForDeploymentPostprocessing = 0;
		};
/* End PBXSourcesBuildPhase section */

/* Begin PBXVariantGroup section */
		B0B81EC61DAB89C60027577E /* Main.storyboard */ = {
			isa = PBXVariantGroup;
			children = (
				B0B81EC71DAB89C60027577E /* Base */,
			);
			name = Main.storyboard;
			sourceTree = "<group>";
		};
		B0B81ECE1DAB89C60027577E /* LaunchScreen.storyboard */ = {
			isa = PBXVariantGroup;
			children = (
				B0B81ECF1DAB89C60027577E /* Base */,
			);
			name = LaunchScreen.storyboard;
			sourceTree = "<group>";
		};
/* End PBXVariantGroup section */

/* Begin XCBuildConfiguration section */
		B0B81ED21DAB89C60027577E /* Debug */ = {
			isa = XCBuildConfiguration;
			buildSettings = {
				ALWAYS_SEARCH_USER_PATHS = NO;
				CLANG_ANALYZER_NONNULL = YES;
				CLANG_CXX_LANGUAGE_STANDARD = "gnu++0x";
				CLANG_CXX_LIBRARY = "libc++";
				CLANG_ENABLE_MODULES = YES;
				CLANG_ENABLE_OBJC_ARC = YES;
				CLANG_WARN_BOOL_CONVERSION = YES;
				CLANG_WARN_CONSTANT_CONVERSION = YES;
				CLANG_WARN_DIRECT_OBJC_ISA_USAGE = YES_ERROR;
				CLANG_WARN_EMPTY_BODY = YES;
				CLANG_WARN_ENUM_CONVERSION = YES;
				CLANG_WARN_INT_CONVERSION = YES;
				CLANG_WARN_OBJC_ROOT_CLASS = YES_ERROR;
				CLANG_WARN_UNREACHABLE_CODE = YES;
				CLANG_WARN__DUPLICATE_METHOD_MATCH = YES;
				"CODE_SIGN_IDENTITY[sdk=iphoneos*]" = "iPhone Developer";
				COPY_PHASE_STRIP = NO;
				DEBUG_INFORMATION_FORMAT = dwarf;
				ENABLE_STRICT_OBJC_MSGSEND = YES;
				ENABLE_TESTABILITY = YES;
				GCC_C_LANGUAGE_STANDARD = gnu99;
				GCC_DYNAMIC_NO_PIC = NO;
				GCC_NO_COMMON_BLOCKS = YES;
				GCC_OPTIMIZATION_LEVEL = 0;
				GCC_PREPROCESSOR_DEFINITIONS = (
					"DEBUG=1",
					"$(inherited)",
				);
				GCC_WARN_64_TO_32_BIT_CONVERSION = YES;
				GCC_WARN_ABOUT_RETURN_TYPE = YES_ERROR;
				GCC_WARN_UNDECLARED_SELECTOR = YES;
				GCC_WARN_UNINITIALIZED_AUTOS = YES_AGGRESSIVE;
				GCC_WARN_UNUSED_FUNCTION = YES;
				GCC_WARN_UNUSED_VARIABLE = YES;
				IPHONEOS_DEPLOYMENT_TARGET = 9.3;
				MTL_ENABLE_DEBUG_INFO = YES;
				ONLY_ACTIVE_ARCH = YES;
				SDKROOT = iphoneos;
			};
			name = Debug;
		};
		B0B81ED31DAB89C60027577E /* Release */ = {
			isa = XCBuildConfiguration;
			buildSettings = {
				ALWAYS_SEARCH_USER_PATHS = NO;
				CLANG_ANALYZER_NONNULL = YES;
				CLANG_CXX_LANGUAGE_STANDARD = "gnu++0x";
				CLANG_CXX_LIBRARY = "libc++";
				CLANG_ENABLE_MODULES = YES;
				CLANG_ENABLE_OBJC_ARC = YES;
				CLANG_WARN_BOOL_CONVERSION = YES;
				CLANG_WARN_CONSTANT_CONVERSION = YES;
				CLANG_WARN_DIRECT_OBJC_ISA_USAGE = YES_ERROR;
				CLANG_WARN_EMPTY_BODY = YES;
				CLANG_WARN_ENUM_CONVERSION = YES;
				CLANG_WARN_INT_CONVERSION = YES;
				CLANG_WARN_OBJC_ROOT_CLASS = YES_ERROR;
				CLANG_WARN_UNREACHABLE_CODE = YES;
				CLANG_WARN__DUPLICATE_METHOD_MATCH = YES;
				"CODE_SIGN_IDENTITY[sdk=iphoneos*]" = "iPhone Developer";
				COPY_PHASE_STRIP = NO;
				DEBUG_INFORMATION_FORMAT = "dwarf-with-dsym";
				ENABLE_NS_ASSERTIONS = NO;
				ENABLE_STRICT_OBJC_MSGSEND = YES;
				GCC_C_LANGUAGE_STANDARD = gnu99;
				GCC_NO_COMMON_BLOCKS = YES;
				GCC_WARN_64_TO_32_BIT_CONVERSION = YES;
				GCC_WARN_ABOUT_RETURN_TYPE = YES_ERROR;
				GCC_WARN_UNDECLARED_SELECTOR = YES;
				GCC_WARN_UNINITIALIZED_AUTOS = YES_AGGRESSIVE;
				GCC_WARN_UNUSED_FUNCTION = YES;
				GCC_WARN_UNUSED_VARIABLE = YES;
				IPHONEOS_DEPLOYMENT_TARGET = 9.3;
				MTL_ENABLE_DEBUG_INFO = NO;
				SDKROOT = iphoneos;
				VALIDATE_PRODUCT = YES;
			};
			name = Release;
		};
		B0B81ED51DAB89C60027577E /* Debug */ = {
			isa = XCBuildConfiguration;
			buildSettings = {
				ASSETCATALOG_COMPILER_APPICON_NAME = AppIcon;
				INFOPLIST_FILE = CZJKFuncList/Info.plist;
				LD_RUNPATH_SEARCH_PATHS = "$(inherited) @executable_path/Frameworks";
				PRODUCT_BUNDLE_IDENTIFIER = com.general2k.CZJKFuncList;
				PRODUCT_NAME = "$(TARGET_NAME)";
			};
			name = Debug;
		};
		B0B81ED61DAB89C60027577E /* Release */ = {
			isa = XCBuildConfiguration;
			buildSettings = {
				ASSETCATALOG_COMPILER_APPICON_NAME = AppIcon;
				INFOPLIST_FILE = CZJKFuncList/Info.plist;
				LD_RUNPATH_SEARCH_PATHS = "$(inherited) @executable_path/Frameworks";
				PRODUCT_BUNDLE_IDENTIFIER = com.general2k.CZJKFuncList;
				PRODUCT_NAME = "$(TARGET_NAME)";
			};
			name = Release;
		};
/* End XCBuildConfiguration section */

/* Begin XCConfigurationList section */
		B0B81EB51DAB89C60027577E /* Build configuration list for PBXProject "CZJKFuncList" */ = {
			isa = XCConfigurationList;
			buildConfigurations = (
				B0B81ED21DAB89C60027577E /* Debug */,
				B0B81ED31DAB89C60027577E /* Release */,
			);
			defaultConfigurationIsVisible = 0;
			defaultConfigurationName = Release;
		};
		B0B81ED41DAB89C60027577E /* Build configuration list for PBXNativeTarget "CZJKFuncList" */ = {
			isa = XCConfigurationList;
			buildConfigurations = (
				B0B81ED51DAB89C60027577E /* Debug */,
				B0B81ED61DAB89C60027577E /* Release */,
			);
			defaultConfigurationIsVisible = 0;
		};
/* End XCConfigurationList section */

/* Begin XCVersionGroup section */
		B0B81EC91DAB89C60027577E /* CZJKFuncList.xcdatamodeld */ = {
			isa = XCVersionGroup;
			children = (
				B0B81ECA1DAB89C60027577E /* CZJKFuncList.xcdatamodel */,
			);
			currentVersion = B0B81ECA1DAB89C60027577E /* CZJKFuncList.xcdatamodel */;
			path = CZJKFuncList.xcdatamodeld;
			sourceTree = "<group>";
			versionGroupType = wrapper.xcdatamodel;
		};
/* End XCVersionGroup section */
	};
	rootObject = B0B81EB21DAB89C60027577E /* Project object */;
}
